
Microsoft Visual Studio Solution File, Format Version 12.00
# Visual Studio Version 16
VisualStudioVersion = 16.0.29521.150
MinimumVisualStudioVersion = 10.0.40219.1
Project("{FAE04EC0-301F-11D3-BF4B-00C04F79EFBC}") = "Excursion360.Desktop", "Excursion360.Desktop\Excursion360.Desktop.csproj", "{57AB85E0-518E-4278-846B-50B2A63B6C4C}"
EndProject
Global
	GlobalSection(SolutionConfigurationPlatforms) = preSolution
		Debug|Any CPU = Debug|Any CPU
		Release|Any CPU = Release|Any CPU
	EndGlobalSection
	GlobalSection(ProjectConfigurationPlatforms) = postSolution
		{57AB85E0-518E-4278-846B-50B2A63B6C4C}.Debug|Any CPU.ActiveCfg = Debug|Any CPU
		{57AB85E0-518E-4278-846B-50B2A63B6C4C}.Debug|Any CPU.Build.0 = Debug|Any CPU
		{57AB85E0-518E-4278-846B-50B2A63B6C4C}.Release|Any CPU.ActiveCfg = Release|Any CPU
		{57AB85E0-518E-4278-846B-50B2A63B6C4C}.Release|Any CPU.Build.0 = Release|Any CPU
	EndGlobalSection
	GlobalSection(SolutionProperties) = preSolution
		HideSolutionNode = FALSE
	EndGlobalSection
	GlobalSection(ExtensibilityGlobals) = postSolution
		SolutionGuid = {A23D4AEF-7BC6-4281-B5BA-CE087ABAD54C}
	EndGlobalSection
EndGlobal
